{
    "_readme": [
        "This file locks the dependencies of your project to a known state",
        "Read more about it at https://getcomposer.org/doc/01-basic-usage.md#installing-dependencies",
        "This file is @generated automatically"
    ],
    "content-hash": "2953f25bb1621f3b842e5ed28bab10bb",
    "packages": [
        {
            "name": "intervention/gif",
            "version": "4.1.0",
            "source": {
                "type": "git",
                "url": "https://github.com/Intervention/gif.git",
                "reference": "3a2b5f8a8856e8877cdab5c47e51aab2d4cb23a3"
            },
            "dist": {
                "type": "zip",
                "url": "https://api.github.com/repos/Intervention/gif/zipball/3a2b5f8a8856e8877cdab5c47e51aab2d4cb23a3",
                "reference": "3a2b5f8a8856e8877cdab5c47e51aab2d4cb23a3",
                "shasum": ""
            },
            "require": {
                "php": "^8.1"
            },
            "require-dev": {
                "phpstan/phpstan": "^1",
                "phpunit/phpunit": "^10.0",
                "slevomat/coding-standard": "~8.0",
                "squizlabs/php_codesniffer": "^3.8"
            },
            "type": "library",
            "autoload": {
                "psr-4": {
                    "Intervention\\Gif\\": "src"
                }
            },
            "notification-url": "https://packagist.org/downloads/",
            "license": [
                "MIT"
            ],
            "authors": [
                {
                    "name": "Oliver Vogel",
                    "email": "oliver@intervention.io",
                    "homepage": "https://intervention.io/"
                }
            ],
            "description": "Native PHP GIF Encoder/Decoder",
            "homepage": "https://github.com/intervention/gif",
            "keywords": [
                "animation",
                "gd",
                "gif",
                "image"
            ],
            "support": {
                "issues": "https://github.com/Intervention/gif/issues",
                "source": "https://github.com/Intervention/gif/tree/4.1.0"
            },
            "funding": [
                {
                    "url": "https://paypal.me/interventionio",
                    "type": "custom"
                },
                {
                    "url": "https://github.com/Intervention",
                    "type": "github"
                }
            ],
            "time": "2024-03-26T17:23:47+00:00"
        },
        {
            "name": "intervention/image",
            "version": "3.7.2",
            "source": {
                "type": "git",
                "url": "https://github.com/Intervention/image.git",
                "reference": "5451ff9f909c2fc836722e5ed6831b9f9a6db68c"
            },
            "dist": {
                "type": "zip",
                "url": "https://api.github.com/repos/Intervention/image/zipball/5451ff9f909c2fc836722e5ed6831b9f9a6db68c",
                "reference": "5451ff9f909c2fc836722e5ed6831b9f9a6db68c",
                "shasum": ""
            },
            "require": {
                "ext-mbstring": "*",
                "intervention/gif": "^4.1",
                "php": "^8.1"
            },
            "require-dev": {
                "mockery/mockery": "^1.6",
                "phpstan/phpstan": "^1",
                "phpunit/phpunit": "^10.0",
                "slevomat/coding-standard": "~8.0",
                "squizlabs/php_codesniffer": "^3.8"
            },
            "suggest": {
                "ext-exif": "Recommended to be able to read EXIF data properly."
            },
            "type": "library",
            "autoload": {
                "psr-4": {
                    "Intervention\\Image\\": "src"
                }
            },
            "notification-url": "https://packagist.org/downloads/",
            "license": [
                "MIT"
            ],
            "authors": [
                {
                    "name": "Oliver Vogel",
                    "email": "oliver@intervention.io",
                    "homepage": "https://intervention.io/"
                }
            ],
            "description": "PHP image manipulation",
            "homepage": "https://image.intervention.io/",
            "keywords": [
                "gd",
                "image",
                "imagick",
                "resize",
                "thumbnail",
                "watermark"
            ],
            "support": {
                "issues": "https://github.com/Intervention/image/issues",
                "source": "https://github.com/Intervention/image/tree/3.7.2"
            },
            "funding": [
                {
                    "url": "https://paypal.me/interventionio",
                    "type": "custom"
                },
                {
                    "url": "https://github.com/Intervention",
                    "type": "github"
                }
            ],
            "time": "2024-07-05T13:35:01+00:00"
        },
        {
            "name": "jenssegers/imagehash",
            "version": "v0.10.0",
            "source": {
                "type": "git",
                "url": "https://github.com/jenssegers/imagehash.git",
                "reference": "643d8d676c5cbe637199206476015e36548841f0"
            },
            "dist": {
                "type": "zip",
                "url": "https://api.github.com/repos/jenssegers/imagehash/zipball/643d8d676c5cbe637199206476015e36548841f0",
                "reference": "643d8d676c5cbe637199206476015e36548841f0",
                "shasum": ""
            },
            "require": {
                "intervention/image": "^3.3",
                "php": "^8.1"
            },
            "require-dev": {
                "php-coveralls/php-coveralls": "^2.0",
                "phpunit/phpunit": "^10"
            },
            "suggest": {
                "ext-gd": "GD or ImageMagick is required",
                "ext-gmp": "GMP results in faster comparisons",
                "ext-imagick": "GD or ImageMagick is required"
            },
            "type": "library",
            "autoload": {
                "psr-4": {
                    "Jenssegers\\ImageHash\\": "src"
                }
            },
            "notification-url": "https://packagist.org/downloads/",
            "license": [
                "MIT"
            ],
            "authors": [
                {
                    "name": "Jens Segers",
                    "homepage": "https://jenssegers.com"
                },
                {
                    "name": "Kenneth Rapp"
                }
            ],
            "description": "Perceptual image hashing for PHP",
            "homepage": "https://github.com/jenssegers/imagehash",
            "keywords": [
                "ahash",
                "dhash",
                "hash",
                "image hash",
                "imagehash",
                "perceptual",
                "phash"
            ],
            "support": {
                "issues": "https://github.com/jenssegers/imagehash/issues",
                "source": "https://github.com/jenssegers/imagehash/tree/v0.10.0"
            },
            "funding": [
                {
                    "url": "https://github.com/jenssegers",
                    "type": "github"
                },
                {
                    "url": "https://tidelift.com/funding/github/packagist/jenssegers/imagehash",
                    "type": "tidelift"
                }
            ],
            "time": "2024-06-17T09:53:53+00:00"
        }
    ],
    "packages-dev": [],
    "aliases": [],
    "minimum-stability": "stable",
    "stability-flags": [],
    "prefer-stable": false,
    "prefer-lowest": false,
    "platform": [],
    "platform-dev": [],
    "plugin-api-version": "2.6.0"
}
